// !$*UTF8*$!
{
	archiveVersion = 1;
	classes = {
	};
	objectVersion = 55;
	objects = {

/* Begin PBXBuildFile section */
		048583892871052F00147B8C /* AppDelegate.swift in Sources */ = {isa = PBXBuildFile; fileRef = 048583882871052F00147B8C /* AppDelegate.swift */; };
		0485838B2871052F00147B8C /* SceneDelegate.swift in Sources */ = {isa = PBXBuildFile; fileRef = 0485838A2871052F00147B8C /* SceneDelegate.swift */; };
		0485838D2871052F00147B8C /* ViewController.swift in Sources */ = {isa = PBXBuildFile; fileRef = 0485838C2871052F00147B8C /* ViewController.swift */; };
		048583902871052F00147B8C /* Main.storyboard in Resources */ = {isa = PBXBuildFile; fileRef = 0485838E2871052F00147B8C /* Main.storyboard */; };
		048583922871053300147B8C /* Assets.xcassets in Resources */ = {isa = PBXBuildFile; fileRef = 048583912871053300147B8C /* Assets.xcassets */; };
		048583952871053300147B8C /* LaunchScreen.storyboard in Resources */ = {isa = PBXBuildFile; fileRef = 048583932871053300147B8C /* LaunchScreen.storyboard */; };
		048583A02871053300147B8C /* Sun_3_july_2022_AssignmentTests.swift in Sources */ = {isa = PBXBuildFile; fileRef = 0485839F2871053300147B8C /* Sun_3_july_2022_AssignmentTests.swift */; };
		048583AA2871053300147B8C /* Sun_3_july_2022_AssignmentUITests.swift in Sources */ = {isa = PBXBuildFile; fileRef = 048583A92871053300147B8C /* Sun_3_july_2022_AssignmentUITests.swift */; };
		048583AC2871053300147B8C /* Sun_3_july_2022_AssignmentUITestsLaunchTests.swift in Sources */ = {isa = PBXBuildFile; fileRef = 048583AB2871053300147B8C /* Sun_3_july_2022_AssignmentUITestsLaunchTests.swift */; };
		048583B9287105A900147B8C /* SecondViewController.swift in Sources */ = {isa = PBXBuildFile; fileRef = 048583B8287105A900147B8C /* SecondViewController.swift */; };
		048583BC287105F100147B8C /* StudentTableViewCell.swift in Sources */ = {isa = PBXBuildFile; fileRef = 048583BA287105F100147B8C /* StudentTableViewCell.swift */; };
		048583BD287105F100147B8C /* StudentTableViewCell.xib in Resources */ = {isa = PBXBuildFile; fileRef = 048583BB287105F100147B8C /* StudentTableViewCell.xib */; };
		048583BF2871064C00147B8C /* StudentDataPassingProtocol.swift in Sources */ = {isa = PBXBuildFile; fileRef = 048583BE2871064C00147B8C /* StudentDataPassingProtocol.swift */; };
		048583C12871902700147B8C /* StudentModel.swift in Sources */ = {isa = PBXBuildFile; fileRef = 048583C02871902700147B8C /* StudentModel.swift */; };
/* End PBXBuildFile section */

/* Begin PBXContainerItemProxy section */
		0485839C2871053300147B8C /* PBXContainerItemProxy */ = {
			isa = PBXContainerItemProxy;
			containerPortal = 0485837D2871052E00147B8C /* Project object */;
			proxyType = 1;
			remoteGlobalIDString = 048583842871052F00147B8C;
			remoteInfo = "Sun 3 july 2022 Assignment";
		};
		048583A62871053300147B8C /* PBXContainerItemProxy */ = {
			isa = PBXContainerItemProxy;
			containerPortal = 0485837D2871052E00147B8C /* Project object */;
			proxyType = 1;
			remoteGlobalIDString = 048583842871052F00147B8C;
			remoteInfo = "Sun 3 july 2022 Assignment";
		};
/* End PBXContainerItemProxy section */

/* Begin PBXFileReference section */
		048583852871052F00147B8C /* Sun 3 july 2022 Assignment.app */ = {isa = PBXFileReference; explicitFileType = wrapper.application; includeInIndex = 0; path = "Sun 3 july 2022 Assignment.app"; sourceTree = BUILT_PRODUCTS_DIR; };
		048583882871052F00147B8C /* AppDelegate.swift */ = {isa = PBXFileReference; lastKnownFileType = sourcecode.swift; path = AppDelegate.swift; sourceTree = "<group>"; };
		0485838A2871052F00147B8C /* SceneDelegate.swift */ = {isa = PBXFileReference; lastKnownFileType = sourcecode.swift; path = SceneDelegate.swift; sourceTree = "<group>"; };
		0485838C2871052F00147B8C /* ViewController.swift */ = {isa = PBXFileReference; lastKnownFileType = sourcecode.swift; path = ViewController.swift; sourceTree = "<group>"; };
		0485838F2871052F00147B8C /* Base */ = {isa = PBXFileReference; lastKnownFileType = file.storyboard; name = Base; path = Base.lproj/Main.storyboard; sourceTree = "<group>"; };
		048583912871053300147B8C /* Assets.xcassets */ = {isa = PBXFileReference; lastKnownFileType = folder.assetcatalog; path = Assets.xcassets; sourceTree = "<group>"; };
		048583942871053300147B8C /* Base */ = {isa = PBXFileReference; lastKnownFileType = file.storyboard; name = Base; path = Base.lproj/LaunchScreen.storyboard; sourceTree = "<group>"; };
		048583962871053300147B8C /* Info.plist */ = {isa = PBXFileReference; lastKnownFileType = text.plist.xml; path = Info.plist; sourceTree = "<group>"; };
		0485839B2871053300147B8C /* Sun 3 july 2022 AssignmentTests.xctest */ = {isa = PBXFileReference; explicitFileType = wrapper.cfbundle; includeInIndex = 0; path = "Sun 3 july 2022 AssignmentTests.xctest"; sourceTree = BUILT_PRODUCTS_DIR; };
		0485839F2871053300147B8C /* Sun_3_july_2022_AssignmentTests.swift */ = {isa = PBXFileReference; lastKnownFileType = sourcecode.swift; path = Sun_3_july_2022_AssignmentTests.swift; sourceTree = "<group>"; };
		048583A52871053300147B8C /* Sun 3 july 2022 AssignmentUITests.xctest */ = {isa = PBXFileReference; explicitFileType = wrapper.cfbundle; includeInIndex = 0; path = "Sun 3 july 2022 AssignmentUITests.xctest"; sourceTree = BUILT_PRODUCTS_DIR; };
		048583A92871053300147B8C /* Sun_3_july_2022_AssignmentUITests.swift */ = {isa = PBXFileReference; lastKnownFileType = sourcecode.swift; path = Sun_3_july_2022_AssignmentUITests.swift; sourceTree = "<group>"; };
		048583AB2871053300147B8C /* Sun_3_july_2022_AssignmentUITestsLaunchTests.swift */ = {isa = PBXFileReference; lastKnownFileType = sourcecode.swift; path = Sun_3_july_2022_AssignmentUITestsLaunchTests.swift; sourceTree = "<group>"; };
		048583B8287105A900147B8C /* SecondViewController.swift */ = {isa = PBXFileReference; lastKnownFileType = sourcecode.swift; path = SecondViewController.swift; sourceTree = "<group>"; };
		048583BA287105F100147B8C /* StudentTableViewCell.swift */ = {isa = PBXFileReference; lastKnownFileType = sourcecode.swift; path = StudentTableViewCell.swift; sourceTree = "<group>"; };
		048583BB287105F100147B8C /* StudentTableViewCell.xib */ = {isa = PBXFileReference; lastKnownFileType = file.xib; path = StudentTableViewCell.xib; sourceTree = "<group>"; };
		048583BE2871064C00147B8C /* StudentDataPassingProtocol.swift */ = {isa = PBXFileReference; lastKnownFileType = sourcecode.swift; path = StudentDataPassingProtocol.swift; sourceTree = "<group>"; };
		048583C02871902700147B8C /* StudentModel.swift */ = {isa = PBXFileReference; lastKnownFileType = sourcecode.swift; path = StudentModel.swift; sourceTree = "<group>"; };
/* End PBXFileReference section */

/* Begin PBXFrameworksBuildPhase section */
		048583822871052F00147B8C /* Frameworks */ = {
			isa = PBXFrameworksBuildPhase;
			buildActionMask = 2147483647;
			files = (
			);
			runOnlyForDeploymentPostprocessing = 0;
		};
		048583982871053300147B8C /* Frameworks */ = {
			isa = PBXFrameworksBuildPhase;
			buildActionMask = 2147483647;
			files = (
			);
			runOnlyForDeploymentPostprocessing = 0;
		};
		048583A22871053300147B8C /* Frameworks */ = {
			isa = PBXFrameworksBuildPhase;
			buildActionMask = 2147483647;
			files = (
			);
			runOnlyForDeploymentPostprocessing = 0;
		};
/* End PBXFrameworksBuildPhase section */

/* Begin PBXGroup section */
		0485837C2871052E00147B8C = {
			isa = PBXGroup;
			children = (
				048583872871052F00147B8C /* Sun 3 july 2022 Assignment */,
				0485839E2871053300147B8C /* Sun 3 july 2022 AssignmentTests */,
				048583A82871053300147B8C /* Sun 3 july 2022 AssignmentUITests */,
				048583862871052F00147B8C /* Products */,
			);
			sourceTree = "<group>";
		};
		048583862871052F00147B8C /* Products */ = {
			isa = PBXGroup;
			children = (
				048583852871052F00147B8C /* Sun 3 july 2022 Assignment.app */,
				0485839B2871053300147B8C /* Sun 3 july 2022 AssignmentTests.xctest */,
				048583A52871053300147B8C /* Sun 3 july 2022 AssignmentUITests.xctest */,
			);
			name = Products;
			sourceTree = "<group>";
		};
		048583872871052F00147B8C /* Sun 3 july 2022 Assignment */ = {
			isa = PBXGroup;
			children = (
				048583882871052F00147B8C /* AppDelegate.swift */,
				0485838A2871052F00147B8C /* SceneDelegate.swift */,
				0485838C2871052F00147B8C /* ViewController.swift */,
				048583B8287105A900147B8C /* SecondViewController.swift */,
				0485838E2871052F00147B8C /* Main.storyboard */,
				048583912871053300147B8C /* Assets.xcassets */,
				048583932871053300147B8C /* LaunchScreen.storyboard */,
				048583962871053300147B8C /* Info.plist */,
				048583BA287105F100147B8C /* StudentTableViewCell.swift */,
				048583BB287105F100147B8C /* StudentTableViewCell.xib */,
				048583BE2871064C00147B8C /* StudentDataPassingProtocol.swift */,
				048583C02871902700147B8C /* StudentModel.swift */,
			);
			path = "Sun 3 july 2022 Assignment";
			sourceTree = "<group>";
		};
		0485839E2871053300147B8C /* Sun 3 july 2022 AssignmentTests */ = {
			isa = PBXGroup;
			children = (
				0485839F2871053300147B8C /* Sun_3_july_2022_AssignmentTests.swift */,
			);
			path = "Sun 3 july 2022 AssignmentTests";
			sourceTree = "<group>";
		};
		048583A82871053300147B8C /* Sun 3 july 2022 AssignmentUITests */ = {
			isa = PBXGroup;
			children = (
				048583A92871053300147B8C /* Sun_3_july_2022_AssignmentUITests.swift */,
				048583AB2871053300147B8C /* Sun_3_july_2022_AssignmentUITestsLaunchTests.swift */,
			);
			path = "Sun 3 july 2022 AssignmentUITests";
			sourceTree = "<group>";
		};
/* End PBXGroup section */

/* Begin PBXNativeTarget section */
		048583842871052F00147B8C /* Sun 3 july 2022 Assignment */ = {
			isa = PBXNativeTarget;
			buildConfigurationList = 048583AF2871053300147B8C /* Build configuration list for PBXNativeTarget "Sun 3 july 2022 Assignment" */;
			buildPhases = (
				048583812871052F00147B8C /* Sources */,
				048583822871052F00147B8C /* Frameworks */,
				048583832871052F00147B8C /* Resources */,
			);
			buildRules = (
			);
			dependencies = (
			);
			name = "Sun 3 july 2022 Assignment";
			productName = "Sun 3 july 2022 Assignment";
			productReference = 048583852871052F00147B8C /* Sun 3 july 2022 Assignment.app */;
			productType = "com.apple.product-type.application";
		};
		0485839A2871053300147B8C /* Sun 3 july 2022 AssignmentTests */ = {
			isa = PBXNativeTarget;
			buildConfigurationList = 048583B22871053300147B8C /* Build configuration list for PBXNativeTarget "Sun 3 july 2022 AssignmentTests" */;
			buildPhases = (
				048583972871053300147B8C /* Sources */,
				048583982871053300147B8C /* Frameworks */,
				048583992871053300147B8C /* Resources */,
			);
			buildRules = (
			);
			dependencies = (
				0485839D2871053300147B8C /* PBXTargetDependency */,
			);
			name = "Sun 3 july 2022 AssignmentTests";
			productName = "Sun 3 july 2022 AssignmentTests";
			productReference = 0485839B2871053300147B8C /* Sun 3 july 2022 AssignmentTests.xctest */;
			productType = "com.apple.product-type.bundle.unit-test";
		};
		048583A42871053300147B8C /* Sun 3 july 2022 AssignmentUITests */ = {
			isa = PBXNativeTarget;
			buildConfigurationList = 048583B52871053300147B8C /* Build configuration list for PBXNativeTarget "Sun 3 july 2022 AssignmentUITests" */;
			buildPhases = (
				048583A12871053300147B8C /* Sources */,
				048583A22871053300147B8C /* Frameworks */,
				048583A32871053300147B8C /* Resources */,
			);
			buildRules = (
			);
			dependencies = (
				048583A72871053300147B8C /* PBXTargetDependency */,
			);
			name = "Sun 3 july 2022 AssignmentUITests";
			productName = "Sun 3 july 2022 AssignmentUITests";
			productReference = 048583A52871053300147B8C /* Sun 3 july 2022 AssignmentUITests.xctest */;
			productType = "com.apple.product-type.bundle.ui-testing";
		};
/* End PBXNativeTarget section */

/* Begin PBXProject section */
		0485837D2871052E00147B8C /* Project object */ = {
			isa = PBXProject;
			attributes = {
				BuildIndependentTargetsInParallel = 1;
				LastSwiftUpdateCheck = 1340;
				LastUpgradeCheck = 1340;
				TargetAttributes = {
					048583842871052F00147B8C = {
						CreatedOnToolsVersion = 13.4.1;
					};
					0485839A2871053300147B8C = {
						CreatedOnToolsVersion = 13.4.1;
						TestTargetID = 048583842871052F00147B8C;
					};
					048583A42871053300147B8C = {
						CreatedOnToolsVersion = 13.4.1;
						TestTargetID = 048583842871052F00147B8C;
					};
				};
			};
			buildConfigurationList = 048583802871052E00147B8C /* Build configuration list for PBXProject "Sun 3 july 2022 Assignment" */;
			compatibilityVersion = "Xcode 13.0";
			developmentRegion = en;
			hasScannedForEncodings = 0;
			knownRegions = (
				en,
				Base,
			);
			mainGroup = 0485837C2871052E00147B8C;
			productRefGroup = 048583862871052F00147B8C /* Products */;
			projectDirPath = "";
			projectRoot = "";
			targets = (
				048583842871052F00147B8C /* Sun 3 july 2022 Assignment */,
				0485839A2871053300147B8C /* Sun 3 july 2022 AssignmentTests */,
				048583A42871053300147B8C /* Sun 3 july 2022 AssignmentUITests */,
			);
		};
/* End PBXProject section */

/* Begin PBXResourcesBuildPhase section */
		048583832871052F00147B8C /* Resources */ = {
			isa = PBXResourcesBuildPhase;
			buildActionMask = 2147483647;
			files = (
				048583952871053300147B8C /* LaunchScreen.storyboard in Resources */,
				048583922871053300147B8C /* Assets.xcassets in Resources */,
				048583902871052F00147B8C /* Main.storyboard in Resources */,
				048583BD287105F100147B8C /* StudentTableViewCell.xib in Resources */,
			);
			runOnlyForDeploymentPostprocessing = 0;
		};
		048583992871053300147B8C /* Resources */ = {
			isa = PBXResourcesBuildPhase;
			buildActionMask = 2147483647;
			files = (
			);
			runOnlyForDeploymentPostprocessing = 0;
		};
		048583A32871053300147B8C /* Resources */ = {
			isa = PBXResourcesBuildPhase;
			buildActionMask = 2147483647;
			files = (
			);
			runOnlyForDeploymentPostprocessing = 0;
		};
/* End PBXResourcesBuildPhase section */

/* Begin PBXSourcesBuildPhase section */
		048583812871052F00147B8C /* Sources */ = {
			isa = PBXSourcesBuildPhase;
			buildActionMask = 2147483647;
			files = (
				048583C12871902700147B8C /* StudentModel.swift in Sources */,
				048583B9287105A900147B8C /* SecondViewController.swift in Sources */,
				048583BC287105F100147B8C /* StudentTableViewCell.swift in Sources */,
				048583BF2871064C00147B8C /* StudentDataPassingProtocol.swift in Sources */,
				0485838D2871052F00147B8C /* ViewController.swift in Sources */,
				048583892871052F00147B8C /* AppDelegate.swift in Sources */,
				0485838B2871052F00147B8C /* SceneDelegate.swift in Sources */,
			);
			runOnlyForDeploymentPostprocessing = 0;
		};
		048583972871053300147B8C /* Sources */ = {
			isa = PBXSourcesBuildPhase;
			buildActionMask = 2147483647;
			files = (
				048583A02871053300147B8C /* Sun_3_july_2022_AssignmentTests.swift in Sources */,
			);
			runOnlyForDeploymentPostprocessing = 0;
		};
		048583A12871053300147B8C /* Sources */ = {
			isa = PBXSourcesBuildPhase;
			buildActionMask = 2147483647;
			files = (
				048583AC2871053300147B8C /* Sun_3_july_2022_AssignmentUITestsLaunchTests.swift in Sources */,
				048583AA2871053300147B8C /* Sun_3_july_2022_AssignmentUITests.swift in Sources */,
			);
			runOnlyForDeploymentPostprocessing = 0;
		};
/* End PBXSourcesBuildPhase section */

/* Begin PBXTargetDependency section */
		0485839D2871053300147B8C /* PBXTargetDependency */ = {
			isa = PBXTargetDependency;
			target = 048583842871052F00147B8C /* Sun 3 july 2022 Assignment */;
			targetProxy = 0485839C2871053300147B8C /* PBXContainerItemProxy */;
		};
		048583A72871053300147B8C /* PBXTargetDependency */ = {
			isa = PBXTargetDependency;
			target = 048583842871052F00147B8C /* Sun 3 july 2022 Assignment */;
			targetProxy = 048583A62871053300147B8C /* PBXContainerItemProxy */;
		};
/* End PBXTargetDependency section */

/* Begin PBXVariantGroup section */
		0485838E2871052F00147B8C /* Main.storyboard */ = {
			isa = PBXVariantGroup;
			children = (
				0485838F2871052F00147B8C /* Base */,
			);
			name = Main.storyboard;
			sourceTree = "<group>";
		};
		048583932871053300147B8C /* LaunchScreen.storyboard */ = {
			isa = PBXVariantGroup;
			children = (
				048583942871053300147B8C /* Base */,
			);
			name = LaunchScreen.storyboard;
			sourceTree = "<group>";
		};
/* End PBXVariantGroup section */

/* Begin XCBuildConfiguration section */
		048583AD2871053300147B8C /* Debug */ = {
			isa = XCBuildConfiguration;
			buildSettings = {
				ALWAYS_SEARCH_USER_PATHS = NO;
				CLANG_ANALYZER_NONNULL = YES;
				CLANG_ANALYZER_NUMBER_OBJECT_CONVERSION = YES_AGGRESSIVE;
				CLANG_CXX_LANGUAGE_STANDARD = "gnu++17";
				CLANG_ENABLE_MODULES = YES;
				CLANG_ENABLE_OBJC_ARC = YES;
				CLANG_ENABLE_OBJC_WEAK = YES;
				CLANG_WARN_BLOCK_CAPTURE_AUTORELEASING = YES;
				CLANG_WARN_BOOL_CONVERSION = YES;
				CLANG_WARN_COMMA = YES;
				CLANG_WARN_CONSTANT_CONVERSION = YES;
				CLANG_WARN_DEPRECATED_OBJC_IMPLEMENTATIONS = YES;
				CLANG_WARN_DIRECT_OBJC_ISA_USAGE = YES_ERROR;
				CLANG_WARN_DOCUMENTATION_COMMENTS = YES;
				CLANG_WARN_EMPTY_BODY = YES;
				CLANG_WARN_ENUM_CONVERSION = YES;
				CLANG_WARN_INFINITE_RECURSION = YES;
				CLANG_WARN_INT_CONVERSION = YES;
				CLANG_WARN_NON_LITERAL_NULL_CONVERSION = YES;
				CLANG_WARN_OBJC_IMPLICIT_RETAIN_SELF = YES;
				CLANG_WARN_OBJC_LITERAL_CONVERSION = YES;
				CLANG_WARN_OBJC_ROOT_CLASS = YES_ERROR;
				CLANG_WARN_QUOTED_INCLUDE_IN_FRAMEWORK_HEADER = YES;
				CLANG_WARN_RANGE_LOOP_ANALYSIS = YES;
				CLANG_WARN_STRICT_PROTOTYPES = YES;
				CLANG_WARN_SUSPICIOUS_MOVE = YES;
				CLANG_WARN_UNGUARDED_AVAILABILITY = YES_AGGRESSIVE;
				CLANG_WARN_UNREACHABLE_CODE = YES;
				CLANG_WARN__DUPLICATE_METHOD_MATCH = YES;
				COPY_PHASE_STRIP = NO;
				DEBUG_INFORMATION_FORMAT = dwarf;
				ENABLE_STRICT_OBJC_MSGSEND = YES;
				ENABLE_TESTABILITY = YES;
				GCC_C_LANGUAGE_STANDARD = gnu11;
				GCC_DYNAMIC_NO_PIC = NO;
				GCC_NO_COMMON_BLOCKS = YES;
				GCC_OPTIMIZATION_LEVEL = 0;
				GCC_PREPROCESSOR_DEFINITIONS = (
					"DEBUG=1",
					"$(inherited)",
				);
				GCC_WARN_64_TO_32_BIT_CONVERSION = YES;
				GCC_WARN_ABOUT_RETURN_TYPE = YES_ERROR;
				GCC_WARN_UNDECLARED_SELECTOR = YES;
				GCC_WARN_UNINITIALIZED_AUTOS = YES_AGGRESSIVE;
				GCC_WARN_UNUSED_FUNCTION = YES;
				GCC_WARN_UNUSED_VARIABLE = YES;
				IPHONEOS_DEPLOYMENT_TARGET = 15.5;
				MTL_ENABLE_DEBUG_INFO = INCLUDE_SOURCE;
				MTL_FAST_MATH = YES;
				ONLY_ACTIVE_ARCH = YES;
				SDKROOT = iphoneos;
				SWIFT_ACTIVE_COMPILATION_CONDITIONS = DEBUG;
				SWIFT_OPTIMIZATION_LEVEL = "-Onone";
			};
			name = Debug;
		};
		048583AE2871053300147B8C /* Release */ = {
			isa = XCBuildConfiguration;
			buildSettings = {
				ALWAYS_SEARCH_USER_PATHS = NO;
				CLANG_ANALYZER_NONNULL = YES;
				CLANG_ANALYZER_NUMBER_OBJECT_CONVERSION = YES_AGGRESSIVE;
				CLANG_CXX_LANGUAGE_STANDARD = "gnu++17";
				CLANG_ENABLE_MODULES = YES;
				CLANG_ENABLE_OBJC_ARC = YES;
				CLANG_ENABLE_OBJC_WEAK = YES;
				CLANG_WARN_BLOCK_CAPTURE_AUTORELEASING = YES;
				CLANG_WARN_BOOL_CONVERSION = YES;
				CLANG_WARN_COMMA = YES;
				CLANG_WARN_CONSTANT_CONVERSION = YES;
				CLANG_WARN_DEPRECATED_OBJC_IMPLEMENTATIONS = YES;
				CLANG_WARN_DIRECT_OBJC_ISA_USAGE = YES_ERROR;
				CLANG_WARN_DOCUMENTATION_COMMENTS = YES;
				CLANG_WARN_EMPTY_BODY = YES;
				CLANG_WARN_ENUM_CONVERSION = YES;
				CLANG_WARN_INFINITE_RECURSION = YES;
				CLANG_WARN_INT_CONVERSION = YES;
				CLANG_WARN_NON_LITERAL_NULL_CONVERSION = YES;
				CLANG_WARN_OBJC_IMPLICIT_RETAIN_SELF = YES;
				CLANG_WARN_OBJC_LITERAL_CONVERSION = YES;
				CLANG_WARN_OBJC_ROOT_CLASS = YES_ERROR;
				CLANG_WARN_QUOTED_INCLUDE_IN_FRAMEWORK_HEADER = YES;
				CLANG_WARN_RANGE_LOOP_ANALYSIS = YES;
				CLANG_WARN_STRICT_PROTOTYPES = YES;
				CLANG_WARN_SUSPICIOUS_MOVE = YES;
				CLANG_WARN_UNGUARDED_AVAILABILITY = YES_AGGRESSIVE;
				CLANG_WARN_UNREACHABLE_CODE = YES;
				CLANG_WARN__DUPLICATE_METHOD_MATCH = YES;
				COPY_PHASE_STRIP = NO;
				DEBUG_INFORMATION_FORMAT = "dwarf-with-dsym";
				ENABLE_NS_ASSERTIONS = NO;
				ENABLE_STRICT_OBJC_MSGSEND = YES;
				GCC_C_LANGUAGE_STANDARD = gnu11;
				GCC_NO_COMMON_BLOCKS = YES;
				GCC_WARN_64_TO_32_BIT_CONVERSION = YES;
				GCC_WARN_ABOUT_RETURN_TYPE = YES_ERROR;
				GCC_WARN_UNDECLARED_SELECTOR = YES;
				GCC_WARN_UNINITIALIZED_AUTOS = YES_AGGRESSIVE;
				GCC_WARN_UNUSED_FUNCTION = YES;
				GCC_WARN_UNUSED_VARIABLE = YES;
				IPHONEOS_DEPLOYMENT_TARGET = 15.5;
				MTL_ENABLE_DEBUG_INFO = NO;
				MTL_FAST_MATH = YES;
				SDKROOT = iphoneos;
				SWIFT_COMPILATION_MODE = wholemodule;
				SWIFT_OPTIMIZATION_LEVEL = "-O";
				VALIDATE_PRODUCT = YES;
			};
			name = Release;
		};
		048583B02871053300147B8C /* Debug */ = {
			isa = XCBuildConfiguration;
			buildSettings = {
				ASSETCATALOG_COMPILER_APPICON_NAME = AppIcon;
				ASSETCATALOG_COMPILER_GLOBAL_ACCENT_COLOR_NAME = AccentColor;
				CODE_SIGN_STYLE = Automatic;
				CURRENT_PROJECT_VERSION = 1;
				DEVELOPMENT_TEAM = GA6Y2A6BRT;
				GENERATE_INFOPLIST_FILE = YES;
				INFOPLIST_FILE = "Sun 3 july 2022 Assignment/Info.plist";
				INFOPLIST_KEY_UIApplicationSupportsIndirectInputEvents = YES;
				INFOPLIST_KEY_UILaunchStoryboardName = LaunchScreen;
				INFOPLIST_KEY_UIMainStoryboardFile = Main;
				INFOPLIST_KEY_UISupportedInterfaceOrientations_iPad = "UIInterfaceOrientationPortrait UIInterfaceOrientationPortraitUpsideDown UIInterfaceOrientationLandscapeLeft UIInterfaceOrientationLandscapeRight";
				INFOPLIST_KEY_UISupportedInterfaceOrientations_iPhone = "UIInterfaceOrientationPortrait UIInterfaceOrientationLandscapeLeft UIInterfaceOrientationLandscapeRight";
				LD_RUNPATH_SEARCH_PATHS = (
					"$(inherited)",
					"@executable_path/Frameworks",
				);
				MARKETING_VERSION = 1.0;
				PRODUCT_BUNDLE_IDENTIFIER = "Vaibhav0007.Sun-3-july-2022-Assignment";
				PRODUCT_NAME = "$(TARGET_NAME)";
				SWIFT_EMIT_LOC_STRINGS = YES;
				SWIFT_VERSION = 5.0;
				TARGETED_DEVICE_FAMILY = "1,2";
			};
			name = Debug;
		};
		048583B12871053300147B8C /* Release */ = {
			isa = XCBuildConfiguration;
			buildSettings = {
				ASSETCATALOG_COMPILER_APPICON_NAME = AppIcon;
				ASSETCATALOG_COMPILER_GLOBAL_ACCENT_COLOR_NAME = AccentColor;
				CODE_SIGN_STYLE = Automatic;
				CURRENT_PROJECT_VERSION = 1;
				DEVELOPMENT_TEAM = GA6Y2A6BRT;
				GENERATE_INFOPLIST_FILE = YES;
				INFOPLIST_FILE = "Sun 3 july 2022 Assignment/Info.plist";
				INFOPLIST_KEY_UIApplicationSupportsIndirectInputEvents = YES;
				INFOPLIST_KEY_UILaunchStoryboardName = LaunchScreen;
				INFOPLIST_KEY_UIMainStoryboardFile = Main;
				INFOPLIST_KEY_UISupportedInterfaceOrientations_iPad = "UIInterfaceOrientationPortrait UIInterfaceOrientationPortraitUpsideDown UIInterfaceOrientationLandscapeLeft UIInterfaceOrientationLandscapeRight";
				INFOPLIST_KEY_UISupportedInterfaceOrientations_iPhone = "UIInterfaceOrientationPortrait UIInterfaceOrientationLandscapeLeft UIInterfaceOrientationLandscapeRight";
				LD_RUNPATH_SEARCH_PATHS = (
					"$(inherited)",
					"@executable_path/Frameworks",
				);
				MARKETING_VERSION = 1.0;
				PRODUCT_BUNDLE_IDENTIFIER = "Vaibhav0007.Sun-3-july-2022-Assignment";
				PRODUCT_NAME = "$(TARGET_NAME)";
				SWIFT_EMIT_LOC_STRINGS = YES;
				SWIFT_VERSION = 5.0;
				TARGETED_DEVICE_FAMILY = "1,2";
			};
			name = Release;
		};
		048583B32871053300147B8C /* Debug */ = {
			isa = XCBuildConfiguration;
			buildSettings = {
				ALWAYS_EMBED_SWIFT_STANDARD_LIBRARIES = YES;
				BUNDLE_LOADER = "$(TEST_HOST)";
				CODE_SIGN_STYLE = Automatic;
				CURRENT_PROJECT_VERSION = 1;
				DEVELOPMENT_TEAM = GA6Y2A6BRT;
				GENERATE_INFOPLIST_FILE = YES;
				IPHONEOS_DEPLOYMENT_TARGET = 15.5;
				MARKETING_VERSION = 1.0;
				PRODUCT_BUNDLE_IDENTIFIER = "Vaibhav0007.Sun-3-july-2022-AssignmentTests";
				PRODUCT_NAME = "$(TARGET_NAME)";
				SWIFT_EMIT_LOC_STRINGS = NO;
				SWIFT_VERSION = 5.0;
				TARGETED_DEVICE_FAMILY = "1,2";
				TEST_HOST = "$(BUILT_PRODUCTS_DIR)/Sun 3 july 2022 Assignment.app/Sun 3 july 2022 Assignment";
			};
			name = Debug;
		};
		048583B42871053300147B8C /* Release */ = {
			isa = XCBuildConfiguration;
			buildSettings = {
				ALWAYS_EMBED_SWIFT_STANDARD_LIBRARIES = YES;
				BUNDLE_LOADER = "$(TEST_HOST)";
				CODE_SIGN_STYLE = Automatic;
				CURRENT_PROJECT_VERSION = 1;
				DEVELOPMENT_TEAM = GA6Y2A6BRT;
				GENERATE_INFOPLIST_FILE = YES;
				IPHONEOS_DEPLOYMENT_TARGET = 15.5;
				MARKETING_VERSION = 1.0;
				PRODUCT_BUNDLE_IDENTIFIER = "Vaibhav0007.Sun-3-july-2022-AssignmentTests";
				PRODUCT_NAME = "$(TARGET_NAME)";
				SWIFT_EMIT_LOC_STRINGS = NO;
				SWIFT_VERSION = 5.0;
				TARGETED_DEVICE_FAMILY = "1,2";
				TEST_HOST = "$(BUILT_PRODUCTS_DIR)/Sun 3 july 2022 Assignment.app/Sun 3 july 2022 Assignment";
			};
			name = Release;
		};
		048583B62871053300147B8C /* Debug */ = {
			isa = XCBuildConfiguration;
			buildSettings = {
				ALWAYS_EMBED_SWIFT_STANDARD_LIBRARIES = YES;
				CODE_SIGN_STYLE = Automatic;
				CURRENT_PROJECT_VERSION = 1;
				DEVELOPMENT_TEAM = GA6Y2A6BRT;
				GENERATE_INFOPLIST_FILE = YES;
				MARKETING_VERSION = 1.0;
				PRODUCT_BUNDLE_IDENTIFIER = "Vaibhav0007.Sun-3-july-2022-AssignmentUITests";
				PRODUCT_NAME = "$(TARGET_NAME)";
				SWIFT_EMIT_LOC_STRINGS = NO;
				SWIFT_VERSION = 5.0;
				TARGETED_DEVICE_FAMILY = "1,2";
				TEST_TARGET_NAME = "Sun 3 july 2022 Assignment";
			};
			name = Debug;
		};
		048583B72871053300147B8C /* Release */ = {
			isa = XCBuildConfiguration;
			buildSettings = {
				ALWAYS_EMBED_SWIFT_STANDARD_LIBRARIES = YES;
				CODE_SIGN_STYLE = Automatic;
				CURRENT_PROJECT_VERSION = 1;
				DEVELOPMENT_TEAM = GA6Y2A6BRT;
				GENERATE_INFOPLIST_FILE = YES;
				MARKETING_VERSION = 1.0;
				PRODUCT_BUNDLE_IDENTIFIER = "Vaibhav0007.Sun-3-july-2022-AssignmentUITests";
				PRODUCT_NAME = "$(TARGET_NAME)";
				SWIFT_EMIT_LOC_STRINGS = NO;
				SWIFT_VERSION = 5.0;
				TARGETED_DEVICE_FAMILY = "1,2";
				TEST_TARGET_NAME = "Sun 3 july 2022 Assignment";
			};
			name = Release;
		};
/* End XCBuildConfiguration section */

/* Begin XCConfigurationList section */
		048583802871052E00147B8C /* Build configuration list for PBXProject "Sun 3 july 2022 Assignment" */ = {
			isa = XCConfigurationList;
			buildConfigurations = (
				048583AD2871053300147B8C /* Debug */,
				048583AE2871053300147B8C /* Release */,
			);
			defaultConfigurationIsVisible = 0;
			defaultConfigurationName = Release;
		};
		048583AF2871053300147B8C /* Build configuration list for PBXNativeTarget "Sun 3 july 2022 Assignment" */ = {
			isa = XCConfigurationList;
			buildConfigurations = (
				048583B02871053300147B8C /* Debug */,
				048583B12871053300147B8C /* Release */,
			);
			defaultConfigurationIsVisible = 0;
			defaultConfigurationName = Release;
		};
		048583B22871053300147B8C /* Build configuration list for PBXNativeTarget "Sun 3 july 2022 AssignmentTests" */ = {
			isa = XCConfigurationList;
			buildConfigurations = (
				048583B32871053300147B8C /* Debug */,
				048583B42871053300147B8C /* Release */,
			);
			defaultConfigurationIsVisible = 0;
			defaultConfigurationName = Release;
		};
		048583B52871053300147B8C /* Build configuration list for PBXNativeTarget "Sun 3 july 2022 AssignmentUITests" */ = {
			isa = XCConfigurationList;
			buildConfigurations = (
				048583B62871053300147B8C /* Debug */,
				048583B72871053300147B8C /* Release */,
			);
			defaultConfigurationIsVisible = 0;
			defaultConfigurationName = Release;
		};
/* End XCConfigurationList section */
	};
	rootObject = 0485837D2871052E00147B8C /* Project object */;
}
